{
  "version": 4,
  "terraform_version": "1.0.11",
  "serial": 9,
  "lineage": "e4956574-5792-2dcf-28b3-5a469f3c11ad",
  "outputs": {},
  "resources": [
    {
      "mode": "managed",
      "type": "google_bigquery_dataset",
      "name": "default",
      "provider": "provider[\"registry.terraform.io/hashicorp/google\"]",
      "instances": [
        {
          "schema_version": 0,
          "attributes": {
            "access": [
              {
                "domain": "",
                "group_by_email": "",
                "role": "OWNER",
                "special_group": "",
                "user_by_email": "analysis321@fluted-anthem-331611.iam.gserviceaccount.com",
                "view": []
              },
              {
                "domain": "",
                "group_by_email": "",
                "role": "OWNER",
                "special_group": "projectOwners",
                "user_by_email": "",
                "view": []
              },
              {
                "domain": "",
                "group_by_email": "",
                "role": "READER",
                "special_group": "projectReaders",
                "user_by_email": "",
                "view": []
              },
              {
                "domain": "",
                "group_by_email": "",
                "role": "WRITER",
                "special_group": "projectWriters",
                "user_by_email": "",
                "view": []
              }
            ],
            "creation_time": 1637600346808,
            "dataset_id": "auditandvpclogs",
            "default_encryption_configuration": [],
            "default_partition_expiration_ms": 0,
            "default_table_expiration_ms": 0,
            "delete_contents_on_destroy": false,
            "description": "",
            "etag": "zvcpQesIDY6+JaE+bH3pog==",
            "friendly_name": "auditandvpclogs",
            "id": "projects/fluted-anthem-331611/datasets/auditandvpclogs",
            "labels": {
              "env": "default"
            },
            "last_modified_time": 1637600346808,
            "location": "EU",
            "project": "fluted-anthem-331611",
            "self_link": "https://bigquery.googleapis.com/bigquery/v2/projects/fluted-anthem-331611/datasets/auditandvpclogs",
            "timeouts": null
          },
          "sensitive_attributes": [],
          "private": "eyJlMmJmYjczMC1lY2FhLTExZTYtOGY4OC0zNDM2M2JjN2M0YzAiOnsiY3JlYXRlIjoyNDAwMDAwMDAwMDAsImRlbGV0ZSI6MjQwMDAwMDAwMDAwLCJ1cGRhdGUiOjI0MDAwMDAwMDAwMH19"
        }
      ]
    },
    {
      "mode": "managed",
      "type": "google_compute_network",
      "name": "vpc_network",
      "provider": "provider[\"registry.terraform.io/hashicorp/google\"]",
      "instances": [
        {
          "schema_version": 0,
          "attributes": {
            "auto_create_subnetworks": false,
            "delete_default_routes_on_create": false,
            "description": "",
            "gateway_ipv4": "",
            "id": "projects/fluted-anthem-331611/global/networks/vpc-net",
            "mtu": 0,
            "name": "vpc-net",
            "project": "fluted-anthem-331611",
            "routing_mode": "REGIONAL",
            "self_link": "https://www.googleapis.com/compute/v1/projects/fluted-anthem-331611/global/networks/vpc-net",
            "timeouts": null
          },
          "sensitive_attributes": [],
          "private": "eyJlMmJmYjczMC1lY2FhLTExZTYtOGY4OC0zNDM2M2JjN2M0YzAiOnsiY3JlYXRlIjoyNDAwMDAwMDAwMDAsImRlbGV0ZSI6MjQwMDAwMDAwMDAwLCJ1cGRhdGUiOjI0MDAwMDAwMDAwMH19"
        }
      ]
    },
    {
      "mode": "managed",
      "type": "google_logging_project_sink",
      "name": "default",
      "provider": "provider[\"registry.terraform.io/hashicorp/google\"]",
      "instances": [
        {
          "schema_version": 0,
          "attributes": {
            "bigquery_options": [],
            "description": "exporting logs to bigquery",
            "destination": "bigquery.googleapis.com/projects/fluted-anthem-331611/datasets/auditandvpclogs",
            "disabled": false,
            "exclusions": [],
            "filter": "resource.type= (gce_subnetwork  OR gcs_bucket) AND logName=projects/fluted-anthem-331611/logs/compute.googleapis.com%2Fvpc_flows OR  projects/fluted-anthem-331611/logs/cloudaudit.googleapis.com%2Factivity",
            "id": "projects/fluted-anthem-331611/sinks/vpc_flows",
            "name": "vpc_flows",
            "project": "fluted-anthem-331611",
            "unique_writer_identity": true,
            "writer_identity": "serviceAccount:p383330521911-467906@gcp-sa-logging.iam.gserviceaccount.com"
          },
          "sensitive_attributes": [],
          "private": "bnVsbA==",
          "dependencies": [
            "google_bigquery_dataset.default"
          ]
        }
      ]
    },
    {
      "mode": "managed",
      "type": "google_project_iam_audit_config",
      "name": "project",
      "provider": "provider[\"registry.terraform.io/hashicorp/google\"]",
      "instances": [
        {
          "schema_version": 0,
          "attributes": {
            "audit_log_config": [
              {
                "exempted_members": [],
                "log_type": "ADMIN_READ"
              },
              {
                "exempted_members": [],
                "log_type": "DATA_READ"
              },
              {
                "exempted_members": [],
                "log_type": "DATA_WRITE"
              }
            ],
            "etag": "BwXRY4uWmkg=",
            "id": "fluted-anthem-331611/audit_config/storage.googleapis.com",
            "project": "fluted-anthem-331611",
            "service": "storage.googleapis.com"
          },
          "sensitive_attributes": [],
          "private": "bnVsbA=="
        }
      ]
    },
    {
      "mode": "managed",
      "type": "google_project_iam_member",
      "name": "log_writer",
      "provider": "provider[\"registry.terraform.io/hashicorp/google\"]",
      "instances": [
        {
          "schema_version": 0,
          "attributes": {
            "condition": [],
            "etag": "BwXRY4uWmkg=",
            "id": "fluted-anthem-331611/roles/bigquery.dataEditor/serviceAccount:p383330521911-467906@gcp-sa-logging.iam.gserviceaccount.com",
            "member": "serviceAccount:p383330521911-467906@gcp-sa-logging.iam.gserviceaccount.com",
            "project": "fluted-anthem-331611",
            "role": "roles/bigquery.dataEditor"
          },
          "sensitive_attributes": [],
          "private": "bnVsbA==",
          "dependencies": [
            "google_bigquery_dataset.default",
            "google_logging_project_sink.default"
          ]
        }
      ]
    }
  ]
}
